Microsoft Visual Studio Solution File, Format Version 11.00
# Visual Studio 2008

Project("{277467D7-C7BC-D142-AD90-884F8015890F}") = "VRTDGame", "Assembly-CSharp.csproj", "{FD2457BD-944B-7F8B-1DED-81814901115F}"
EndProject
Global
	GlobalSection(SolutionConfigurationPlatforms) = preSolution
		Debug|Any CPU = Debug|Any CPU
		Release|Any CPU = Release|Any CPU
	EndGlobalSection
	GlobalSection(ProjectConfigurationPlatforms) = postSolution
		{FD2457BD-944B-7F8B-1DED-81814901115F}.Debug|Any CPU.ActiveCfg = Debug|Any CPU
		{FD2457BD-944B-7F8B-1DED-81814901115F}.Debug|Any CPU.Build.0 = Debug|Any CPU
		{FD2457BD-944B-7F8B-1DED-81814901115F}.Release|Any CPU.ActiveCfg = Release|Any CPU
		{FD2457BD-944B-7F8B-1DED-81814901115F}.Release|Any CPU.Build.0 = Release|Any CPU
	EndGlobalSection
	GlobalSection(SolutionProperties) = preSolution
		HideSolutionNode = FALSE
	EndGlobalSection
	GlobalSection(MonoDevelopProperties) = preSolution
		StartupItem = Assembly-CSharp.csproj
	EndGlobalSection
EndGlobal
